<?xml version="1.0" encoding="utf-8"?>
<Project ToolsVersion="4.0" xmlns="http://schemas.microsoft.com/developer/msbuild/2003">
  <ItemGroup>
    <Filter Include="Source Files">
      <UniqueIdentifier>{4FC737F1-C7A5-4376-A066-2A32D752A2FF}</UniqueIdentifier>
      <Extensions>cpp;c;cc;cxx;c++;cppm;ixx;def;odl;idl;hpj;bat;asm;asmx</Extensions>
    </Filter>
    <Filter Include="Header Files">
      <UniqueIdentifier>{93995380-89BD-4b04-88EB-625FBE52EBFB}</UniqueIdentifier>
      <Extensions>h;hh;hpp;hxx;h++;hm;inl;inc;ipp;xsd</Extensions>
    </Filter>
    <Filter Include="Resource Files">
      <UniqueIdentifier>{67DA6AB6-F800-4c08-8B7A-83BB121AAD01}</UniqueIdentifier>
      <Extensions>rc;ico;cur;bmp;dlg;rc2;rct;bin;rgs;gif;jpg;jpeg;jpe;resx;tiff;tif;png;wav;mfcribbon-ms</Extensions>
    </Filter>
  </ItemGroup>
  <ItemGroup>
    <ClCompile Include="main.cpp">
      <Filter>Source Files</Filter>
    </ClCompile>
    <ClCompile Include="Common\OpenGLLog\OpenGLLog.cpp">
      <Filter>Source Files</Filter>
    </ClCompile>
    <ClCompile Include="Common\ShaderProgram\ShaderProgram.cpp">
      <Filter>Source Files</Filter>
    </ClCompile>
    <ClCompile Include="Common\Transform\Transform.cpp">
      <Filter>Source Files</Filter>
    </ClCompile>
    <ClCompile Include="LandscapeWindow\LandscapeWindow.cpp">
      <Filter>Source Files</Filter>
    </ClCompile>
    <ClCompile Include="Common\OpenGLPrimitive\Shapes\Circle\Circle.cpp">
      <Filter>Source Files</Filter>
    </ClCompile>
    <ClCompile Include="Common\OpenGLPrimitive\Shapes\Rectangle\Rectangle.cpp">
      <Filter>Source Files</Filter>
    </ClCompile>
    <ClCompile Include="Common\VertexBuffer\VertexBuffer.cpp">
      <Filter>Source Files</Filter>
    </ClCompile>
    <ClCompile Include="Model\LandscapeElement\LandscapeElement.cpp">
      <Filter>Source Files</Filter>
    </ClCompile>
    <ClCompile Include="Model\Landscape\Landscape.cpp">
      <Filter>Source Files</Filter>
    </ClCompile>
    <ClCompile Include="Common\OpenGLPrimitive\BasePrimitive.cpp">
      <Filter>Source Files</Filter>
    </ClCompile>
    <ClCompile Include="Common\OpenGLPrimitive\Curves\CubicBezier\CubicBezier.cpp">
      <Filter>Source Files</Filter>
    </ClCompile>
    <ClCompile Include="Common\OpenGLPrimitive\Curves\QuadraticBezier\QuadraticBezier.cpp">
      <Filter>Source Files</Filter>
    </ClCompile>
    <ClCompile Include="View\ButterflyView\ButterflyView.cpp">
      <Filter>Source Files</Filter>
    </ClCompile>
    <ClCompile Include="View\GrassView\GrassView.cpp">
      <Filter>Source Files</Filter>
    </ClCompile>
    <ClCompile Include="View\FlowerView\FlowerView.cpp">
      <Filter>Source Files</Filter>
    </ClCompile>
    <ClCompile Include="View\CloudView\CloudView.cpp">
      <Filter>Source Files</Filter>
    </ClCompile>
    <ClCompile Include="View\BaseView.cpp">
      <Filter>Source Files</Filter>
    </ClCompile>
  </ItemGroup>
  <ItemGroup>
    <None Include="vcpkg.json" />
    <None Include="Shaders\Fragment.shader" />
    <None Include="Shaders\Vertex.shader" />
  </ItemGroup>
  <ItemGroup>
    <ClInclude Include="Common\OpenGLLog\OpenGLLog.h">
      <Filter>Header Files</Filter>
    </ClInclude>
    <ClInclude Include="Common\ShaderProgram\ShaderProgram.h">
      <Filter>Header Files</Filter>
    </ClInclude>
    <ClInclude Include="Common\Transform\Transform.h">
      <Filter>Header Files</Filter>
    </ClInclude>
    <ClInclude Include="Common\BaseWindow.h">
      <Filter>Header Files</Filter>
    </ClInclude>
    <ClInclude Include="Common\GLFWInitializer.h">
      <Filter>Header Files</Filter>
    </ClInclude>
    <ClInclude Include="LandscapeWindow\LandscapeWindow.h">
      <Filter>Header Files</Filter>
    </ClInclude>
    <ClInclude Include="Common\OpenGLPrimitive\Shapes\Circle\Circle.h">
      <Filter>Header Files</Filter>
    </ClInclude>
    <ClInclude Include="Common\OpenGLPrimitive\Shapes\Rectangle\Rectangle.h">
      <Filter>Header Files</Filter>
    </ClInclude>
    <ClInclude Include="Common\VertexBuffer\VertexBuffer.h">
      <Filter>Header Files</Filter>
    </ClInclude>
    <ClInclude Include="Common\GC\GC.hpp">
      <Filter>Header Files</Filter>
    </ClInclude>
    <ClInclude Include="Model\LandscapeElement\LandscapeElement.h">
      <Filter>Header Files</Filter>
    </ClInclude>
    <ClInclude Include="Common\Types\DimensionTypes.h">
      <Filter>Header Files</Filter>
    </ClInclude>
    <ClInclude Include="Model\Landscape\Landscape.h">
      <Filter>Header Files</Filter>
    </ClInclude>
    <ClInclude Include="View\IView.h">
      <Filter>Header Files</Filter>
    </ClInclude>
    <ClInclude Include="Common\Types\GeometryTypes.h">
      <Filter>Header Files</Filter>
    </ClInclude>
    <ClInclude Include="Common\OpenGLPrimitive\BasePrimitive.h">
      <Filter>Header Files</Filter>
    </ClInclude>
    <ClInclude Include="Common\OpenGLPrimitive\Curves\CubicBezier\CubicBezier.h">
      <Filter>Header Files</Filter>
    </ClInclude>
    <ClInclude Include="Common\OpenGLPrimitive\Curves\QuadraticBezier\QuadraticBezier.h">
      <Filter>Header Files</Filter>
    </ClInclude>
    <ClInclude Include="View\ButterflyView\ButterflyView.h">
      <Filter>Header Files</Filter>
    </ClInclude>
    <ClInclude Include="Common\Types\ColorTypes.h">
      <Filter>Header Files</Filter>
    </ClInclude>
    <ClInclude Include="View\GrassView\GrassView.h">
      <Filter>Header Files</Filter>
    </ClInclude>
    <ClInclude Include="View\FlowerView\FlowerView.h">
      <Filter>Header Files</Filter>
    </ClInclude>
    <ClInclude Include="View\CloudView\CloudView.h">
      <Filter>Header Files</Filter>
    </ClInclude>
    <ClInclude Include="View\BaseView.h">
      <Filter>Header Files</Filter>
    </ClInclude>
  </ItemGroup>
</Project>